// !$*UTF8*$!
{
	archiveVersion = 1;
	classes = {
	};
	objectVersion = 56;
	objects = {

/* Begin PBXBuildFile section */
		534629E0FB05DEF4673280AB /* Pods_MovieApp.framework in Frameworks */ = {isa = PBXBuildFile; fileRef = F290BC4BD6F89877E86D26B4 /* Pods_MovieApp.framework */; };
		D919A50829BD2C6400287149 /* PaginationHandler.swift in Sources */ = {isa = PBXBuildFile; fileRef = D919A50729BD2C6400287149 /* PaginationHandler.swift */; };
		D96A1F1429B61D1C00DD502D /* Movies.swift in Sources */ = {isa = PBXBuildFile; fileRef = D96A1F1329B61D1C00DD502D /* Movies.swift */; };
		D96A1F1829B62B7D00DD502D /* DetailsViewController.swift in Sources */ = {isa = PBXBuildFile; fileRef = D96A1F1729B62B7D00DD502D /* DetailsViewController.swift */; };
		D96A1F1C29B62C5A00DD502D /* MovieListTableViewCell.swift in Sources */ = {isa = PBXBuildFile; fileRef = D96A1F1B29B62C5A00DD502D /* MovieListTableViewCell.swift */; };
		D9B9BB1829B6147F00F68997 /* AppDelegate.swift in Sources */ = {isa = PBXBuildFile; fileRef = D9B9BB1729B6147F00F68997 /* AppDelegate.swift */; };
		D9B9BB1A29B6147F00F68997 /* SceneDelegate.swift in Sources */ = {isa = PBXBuildFile; fileRef = D9B9BB1929B6147F00F68997 /* SceneDelegate.swift */; };
		D9B9BB1C29B6147F00F68997 /* MovieListViewController.swift in Sources */ = {isa = PBXBuildFile; fileRef = D9B9BB1B29B6147F00F68997 /* MovieListViewController.swift */; };
		D9B9BB1F29B6147F00F68997 /* Main.storyboard in Resources */ = {isa = PBXBuildFile; fileRef = D9B9BB1D29B6147F00F68997 /* Main.storyboard */; };
		D9B9BB2129B6148200F68997 /* Assets.xcassets in Resources */ = {isa = PBXBuildFile; fileRef = D9B9BB2029B6148200F68997 /* Assets.xcassets */; };
		D9B9BB2429B6148200F68997 /* LaunchScreen.storyboard in Resources */ = {isa = PBXBuildFile; fileRef = D9B9BB2229B6148200F68997 /* LaunchScreen.storyboard */; };
/* End PBXBuildFile section */

/* Begin PBXFileReference section */
		0C8B202A6B91273B474F8E5D /* Pods-MovieApp.debug.xcconfig */ = {isa = PBXFileReference; includeInIndex = 1; lastKnownFileType = text.xcconfig; name = "Pods-MovieApp.debug.xcconfig"; path = "Target Support Files/Pods-MovieApp/Pods-MovieApp.debug.xcconfig"; sourceTree = "<group>"; };
		4217D685FD7C9C9D1D4F6916 /* Pods-MovieApp.release.xcconfig */ = {isa = PBXFileReference; includeInIndex = 1; lastKnownFileType = text.xcconfig; name = "Pods-MovieApp.release.xcconfig"; path = "Target Support Files/Pods-MovieApp/Pods-MovieApp.release.xcconfig"; sourceTree = "<group>"; };
		D919A50729BD2C6400287149 /* PaginationHandler.swift */ = {isa = PBXFileReference; lastKnownFileType = sourcecode.swift; path = PaginationHandler.swift; sourceTree = "<group>"; };
		D96A1F1329B61D1C00DD502D /* Movies.swift */ = {isa = PBXFileReference; lastKnownFileType = sourcecode.swift; path = Movies.swift; sourceTree = "<group>"; };
		D96A1F1729B62B7D00DD502D /* DetailsViewController.swift */ = {isa = PBXFileReference; lastKnownFileType = sourcecode.swift; path = DetailsViewController.swift; sourceTree = "<group>"; };
		D96A1F1B29B62C5A00DD502D /* MovieListTableViewCell.swift */ = {isa = PBXFileReference; lastKnownFileType = sourcecode.swift; path = MovieListTableViewCell.swift; sourceTree = "<group>"; };
		D9B9BB1429B6147F00F68997 /* MovieApp.app */ = {isa = PBXFileReference; explicitFileType = wrapper.application; includeInIndex = 0; path = MovieApp.app; sourceTree = BUILT_PRODUCTS_DIR; };
		D9B9BB1729B6147F00F68997 /* AppDelegate.swift */ = {isa = PBXFileReference; lastKnownFileType = sourcecode.swift; path = AppDelegate.swift; sourceTree = "<group>"; };
		D9B9BB1929B6147F00F68997 /* SceneDelegate.swift */ = {isa = PBXFileReference; lastKnownFileType = sourcecode.swift; path = SceneDelegate.swift; sourceTree = "<group>"; };
		D9B9BB1B29B6147F00F68997 /* MovieListViewController.swift */ = {isa = PBXFileReference; lastKnownFileType = sourcecode.swift; path = MovieListViewController.swift; sourceTree = "<group>"; };
		D9B9BB1E29B6147F00F68997 /* Base */ = {isa = PBXFileReference; lastKnownFileType = file.storyboard; name = Base; path = Base.lproj/Main.storyboard; sourceTree = "<group>"; };
		D9B9BB2029B6148200F68997 /* Assets.xcassets */ = {isa = PBXFileReference; lastKnownFileType = folder.assetcatalog; path = Assets.xcassets; sourceTree = "<group>"; };
		D9B9BB2329B6148200F68997 /* Base */ = {isa = PBXFileReference; lastKnownFileType = file.storyboard; name = Base; path = Base.lproj/LaunchScreen.storyboard; sourceTree = "<group>"; };
		D9B9BB2529B6148200F68997 /* Info.plist */ = {isa = PBXFileReference; lastKnownFileType = text.plist.xml; path = Info.plist; sourceTree = "<group>"; };
		F290BC4BD6F89877E86D26B4 /* Pods_MovieApp.framework */ = {isa = PBXFileReference; explicitFileType = wrapper.framework; includeInIndex = 0; path = Pods_MovieApp.framework; sourceTree = BUILT_PRODUCTS_DIR; };
/* End PBXFileReference section */

/* Begin PBXFrameworksBuildPhase section */
		D9B9BB1129B6147F00F68997 /* Frameworks */ = {
			isa = PBXFrameworksBuildPhase;
			buildActionMask = 2147483647;
			files = (
				534629E0FB05DEF4673280AB /* Pods_MovieApp.framework in Frameworks */,
			);
			runOnlyForDeploymentPostprocessing = 0;
		};
/* End PBXFrameworksBuildPhase section */

/* Begin PBXGroup section */
		D96A1F1229B61D0700DD502D /* NetworkModels */ = {
			isa = PBXGroup;
			children = (
				D96A1F1329B61D1C00DD502D /* Movies.swift */,
			);
			path = NetworkModels;
			sourceTree = "<group>";
		};
		D96A1F1529B62B1000DD502D /* Screens */ = {
			isa = PBXGroup;
			children = (
				EFE535922A54699300F540CD /* HomeScreen */,
				D96A1F1729B62B7D00DD502D /* DetailsViewController.swift */,
			);
			path = Screens;
			sourceTree = "<group>";
		};
		D96A1F1A29B62C3E00DD502D /* Cell */ = {
			isa = PBXGroup;
			children = (
				D96A1F1B29B62C5A00DD502D /* MovieListTableViewCell.swift */,
			);
			path = Cell;
			sourceTree = "<group>";
		};
		D9B9BB0B29B6147F00F68997 = {
			isa = PBXGroup;
			children = (
				D9B9BB1629B6147F00F68997 /* MovieApp */,
				D9B9BB1529B6147F00F68997 /* Products */,
				EAE27197E6ED8ECE844726A5 /* Pods */,
				DCE1A6538C3758FEE0673D24 /* Frameworks */,
			);
			sourceTree = "<group>";
		};
		D9B9BB1529B6147F00F68997 /* Products */ = {
			isa = PBXGroup;
			children = (
				D9B9BB1429B6147F00F68997 /* MovieApp.app */,
			);
			name = Products;
			sourceTree = "<group>";
		};
		D9B9BB1629B6147F00F68997 /* MovieApp */ = {
			isa = PBXGroup;
			children = (
				D9B9BB1729B6147F00F68997 /* AppDelegate.swift */,
				D9B9BB1929B6147F00F68997 /* SceneDelegate.swift */,
				D9B9BB2229B6148200F68997 /* LaunchScreen.storyboard */,
				D9B9BB1D29B6147F00F68997 /* Main.storyboard */,
				D9B9BB2529B6148200F68997 /* Info.plist */,
				D9B9BB2029B6148200F68997 /* Assets.xcassets */,
				D96A1F1229B61D0700DD502D /* NetworkModels */,
				D96A1F1529B62B1000DD502D /* Screens */,
			);
			path = MovieApp;
			sourceTree = "<group>";
		};
		DCE1A6538C3758FEE0673D24 /* Frameworks */ = {
			isa = PBXGroup;
			children = (
				F290BC4BD6F89877E86D26B4 /* Pods_MovieApp.framework */,
			);
			name = Frameworks;
			sourceTree = "<group>";
		};
		EAE27197E6ED8ECE844726A5 /* Pods */ = {
			isa = PBXGroup;
			children = (
				0C8B202A6B91273B474F8E5D /* Pods-MovieApp.debug.xcconfig */,
				4217D685FD7C9C9D1D4F6916 /* Pods-MovieApp.release.xcconfig */,
			);
			path = Pods;
			sourceTree = "<group>";
		};
		EFE535922A54699300F540CD /* HomeScreen */ = {
			isa = PBXGroup;
			children = (
				D96A1F1A29B62C3E00DD502D /* Cell */,
				D9B9BB1B29B6147F00F68997 /* MovieListViewController.swift */,
				D919A50729BD2C6400287149 /* PaginationHandler.swift */,
			);
			path = HomeScreen;
			sourceTree = "<group>";
		};
/* End PBXGroup section */

/* Begin PBXNativeTarget section */
		D9B9BB1329B6147F00F68997 /* MovieApp */ = {
			isa = PBXNativeTarget;
			buildConfigurationList = D9B9BB2829B6148200F68997 /* Build configuration list for PBXNativeTarget "MovieApp" */;
			buildPhases = (
				EAAFD15E910CBAB54C4CE18B /* [CP] Check Pods Manifest.lock */,
				D9B9BB1029B6147F00F68997 /* Sources */,
				D9B9BB1129B6147F00F68997 /* Frameworks */,
				D9B9BB1229B6147F00F68997 /* Resources */,
				7EFB2F235A327073A5115D0C /* [CP] Embed Pods Frameworks */,
			);
			buildRules = (
			);
			dependencies = (
			);
			name = MovieApp;
			productName = MovieApp;
			productReference = D9B9BB1429B6147F00F68997 /* MovieApp.app */;
			productType = "com.apple.product-type.application";
		};
/* End PBXNativeTarget section */

/* Begin PBXProject section */
		D9B9BB0C29B6147F00F68997 /* Project object */ = {
			isa = PBXProject;
			attributes = {
				BuildIndependentTargetsInParallel = 1;
				LastSwiftUpdateCheck = 1420;
				LastUpgradeCheck = 1420;
				TargetAttributes = {
					D9B9BB1329B6147F00F68997 = {
						CreatedOnToolsVersion = 14.2;
					};
				};
			};
			buildConfigurationList = D9B9BB0F29B6147F00F68997 /* Build configuration list for PBXProject "MovieApp" */;
			compatibilityVersion = "Xcode 14.0";
			developmentRegion = en;
			hasScannedForEncodings = 0;
			knownRegions = (
				en,
				Base,
			);
			mainGroup = D9B9BB0B29B6147F00F68997;
			productRefGroup = D9B9BB1529B6147F00F68997 /* Products */;
			projectDirPath = "";
			projectRoot = "";
			targets = (
				D9B9BB1329B6147F00F68997 /* MovieApp */,
			);
		};
/* End PBXProject section */

/* Begin PBXResourcesBuildPhase section */
		D9B9BB1229B6147F00F68997 /* Resources */ = {
			isa = PBXResourcesBuildPhase;
			buildActionMask = 2147483647;
			files = (
				D9B9BB2429B6148200F68997 /* LaunchScreen.storyboard in Resources */,
				D9B9BB2129B6148200F68997 /* Assets.xcassets in Resources */,
				D9B9BB1F29B6147F00F68997 /* Main.storyboard in Resources */,
			);
			runOnlyForDeploymentPostprocessing = 0;
		};
/* End PBXResourcesBuildPhase section */

/* Begin PBXShellScriptBuildPhase section */
		7EFB2F235A327073A5115D0C /* [CP] Embed Pods Frameworks */ = {
			isa = PBXShellScriptBuildPhase;
			buildActionMask = 2147483647;
			files = (
			);
			inputFileListPaths = (
				"${PODS_ROOT}/Target Support Files/Pods-MovieApp/Pods-MovieApp-frameworks-${CONFIGURATION}-input-files.xcfilelist",
			);
			name = "[CP] Embed Pods Frameworks";
			outputFileListPaths = (
				"${PODS_ROOT}/Target Support Files/Pods-MovieApp/Pods-MovieApp-frameworks-${CONFIGURATION}-output-files.xcfilelist",
			);
			runOnlyForDeploymentPostprocessing = 0;
			shellPath = /bin/sh;
			shellScript = "\"${PODS_ROOT}/Target Support Files/Pods-MovieApp/Pods-MovieApp-frameworks.sh\"\n";
			showEnvVarsInLog = 0;
		};
		EAAFD15E910CBAB54C4CE18B /* [CP] Check Pods Manifest.lock */ = {
			isa = PBXShellScriptBuildPhase;
			buildActionMask = 2147483647;
			files = (
			);
			inputFileListPaths = (
			);
			inputPaths = (
				"${PODS_PODFILE_DIR_PATH}/Podfile.lock",
				"${PODS_ROOT}/Manifest.lock",
			);
			name = "[CP] Check Pods Manifest.lock";
			outputFileListPaths = (
			);
			outputPaths = (
				"$(DERIVED_FILE_DIR)/Pods-MovieApp-checkManifestLockResult.txt",
			);
			runOnlyForDeploymentPostprocessing = 0;
			shellPath = /bin/sh;
			shellScript = "diff \"${PODS_PODFILE_DIR_PATH}/Podfile.lock\" \"${PODS_ROOT}/Manifest.lock\" > /dev/null\nif [ $? != 0 ] ; then\n    # print error to STDERR\n    echo \"error: The sandbox is not in sync with the Podfile.lock. Run 'pod install' or update your CocoaPods installation.\" >&2\n    exit 1\nfi\n# This output is used by Xcode 'outputs' to avoid re-running this script phase.\necho \"SUCCESS\" > \"${SCRIPT_OUTPUT_FILE_0}\"\n";
			showEnvVarsInLog = 0;
		};
/* End PBXShellScriptBuildPhase section */

/* Begin PBXSourcesBuildPhase section */
		D9B9BB1029B6147F00F68997 /* Sources */ = {
			isa = PBXSourcesBuildPhase;
			buildActionMask = 2147483647;
			files = (
				D9B9BB1C29B6147F00F68997 /* MovieListViewController.swift in Sources */,
				D919A50829BD2C6400287149 /* PaginationHandler.swift in Sources */,
				D9B9BB1829B6147F00F68997 /* AppDelegate.swift in Sources */,
				D96A1F1429B61D1C00DD502D /* Movies.swift in Sources */,
				D9B9BB1A29B6147F00F68997 /* SceneDelegate.swift in Sources */,
				D96A1F1C29B62C5A00DD502D /* MovieListTableViewCell.swift in Sources */,
				D96A1F1829B62B7D00DD502D /* DetailsViewController.swift in Sources */,
			);
			runOnlyForDeploymentPostprocessing = 0;
		};
/* End PBXSourcesBuildPhase section */

/* Begin PBXVariantGroup section */
		D9B9BB1D29B6147F00F68997 /* Main.storyboard */ = {
			isa = PBXVariantGroup;
			children = (
				D9B9BB1E29B6147F00F68997 /* Base */,
			);
			name = Main.storyboard;
			sourceTree = "<group>";
		};
		D9B9BB2229B6148200F68997 /* LaunchScreen.storyboard */ = {
			isa = PBXVariantGroup;
			children = (
				D9B9BB2329B6148200F68997 /* Base */,
			);
			name = LaunchScreen.storyboard;
			sourceTree = "<group>";
		};
/* End PBXVariantGroup section */

/* Begin XCBuildConfiguration section */
		D9B9BB2629B6148200F68997 /* Debug */ = {
			isa = XCBuildConfiguration;
			buildSettings = {
				ALWAYS_SEARCH_USER_PATHS = NO;
				CLANG_ANALYZER_NONNULL = YES;
				CLANG_ANALYZER_NUMBER_OBJECT_CONVERSION = YES_AGGRESSIVE;
				CLANG_CXX_LANGUAGE_STANDARD = "gnu++20";
				CLANG_ENABLE_MODULES = YES;
				CLANG_ENABLE_OBJC_ARC = YES;
				CLANG_ENABLE_OBJC_WEAK = YES;
				CLANG_WARN_BLOCK_CAPTURE_AUTORELEASING = YES;
				CLANG_WARN_BOOL_CONVERSION = YES;
				CLANG_WARN_COMMA = YES;
				CLANG_WARN_CONSTANT_CONVERSION = YES;
				CLANG_WARN_DEPRECATED_OBJC_IMPLEMENTATIONS = YES;
				CLANG_WARN_DIRECT_OBJC_ISA_USAGE = YES_ERROR;
				CLANG_WARN_DOCUMENTATION_COMMENTS = YES;
				CLANG_WARN_EMPTY_BODY = YES;
				CLANG_WARN_ENUM_CONVERSION = YES;
				CLANG_WARN_INFINITE_RECURSION = YES;
				CLANG_WARN_INT_CONVERSION = YES;
				CLANG_WARN_NON_LITERAL_NULL_CONVERSION = YES;
				CLANG_WARN_OBJC_IMPLICIT_RETAIN_SELF = YES;
				CLANG_WARN_OBJC_LITERAL_CONVERSION = YES;
				CLANG_WARN_OBJC_ROOT_CLASS = YES_ERROR;
				CLANG_WARN_QUOTED_INCLUDE_IN_FRAMEWORK_HEADER = YES;
				CLANG_WARN_RANGE_LOOP_ANALYSIS = YES;
				CLANG_WARN_STRICT_PROTOTYPES = YES;
				CLANG_WARN_SUSPICIOUS_MOVE = YES;
				CLANG_WARN_UNGUARDED_AVAILABILITY = YES_AGGRESSIVE;
				CLANG_WARN_UNREACHABLE_CODE = YES;
				CLANG_WARN__DUPLICATE_METHOD_MATCH = YES;
				COPY_PHASE_STRIP = NO;
				DEBUG_INFORMATION_FORMAT = dwarf;
				ENABLE_STRICT_OBJC_MSGSEND = YES;
				ENABLE_TESTABILITY = YES;
				GCC_C_LANGUAGE_STANDARD = gnu11;
				GCC_DYNAMIC_NO_PIC = NO;
				GCC_NO_COMMON_BLOCKS = YES;
				GCC_OPTIMIZATION_LEVEL = 0;
				GCC_PREPROCESSOR_DEFINITIONS = (
					"DEBUG=1",
					"$(inherited)",
				);
				GCC_WARN_64_TO_32_BIT_CONVERSION = YES;
				GCC_WARN_ABOUT_RETURN_TYPE = YES_ERROR;
				GCC_WARN_UNDECLARED_SELECTOR = YES;
				GCC_WARN_UNINITIALIZED_AUTOS = YES_AGGRESSIVE;
				GCC_WARN_UNUSED_FUNCTION = YES;
				GCC_WARN_UNUSED_VARIABLE = YES;
				IPHONEOS_DEPLOYMENT_TARGET = 16.2;
				MTL_ENABLE_DEBUG_INFO = INCLUDE_SOURCE;
				MTL_FAST_MATH = YES;
				ONLY_ACTIVE_ARCH = YES;
				SDKROOT = iphoneos;
				SWIFT_ACTIVE_COMPILATION_CONDITIONS = DEBUG;
				SWIFT_OPTIMIZATION_LEVEL = "-Onone";
			};
			name = Debug;
		};
		D9B9BB2729B6148200F68997 /* Release */ = {
			isa = XCBuildConfiguration;
			buildSettings = {
				ALWAYS_SEARCH_USER_PATHS = NO;
				CLANG_ANALYZER_NONNULL = YES;
				CLANG_ANALYZER_NUMBER_OBJECT_CONVERSION = YES_AGGRESSIVE;
				CLANG_CXX_LANGUAGE_STANDARD = "gnu++20";
				CLANG_ENABLE_MODULES = YES;
				CLANG_ENABLE_OBJC_ARC = YES;
				CLANG_ENABLE_OBJC_WEAK = YES;
				CLANG_WARN_BLOCK_CAPTURE_AUTORELEASING = YES;
				CLANG_WARN_BOOL_CONVERSION = YES;
				CLANG_WARN_COMMA = YES;
				CLANG_WARN_CONSTANT_CONVERSION = YES;
				CLANG_WARN_DEPRECATED_OBJC_IMPLEMENTATIONS = YES;
				CLANG_WARN_DIRECT_OBJC_ISA_USAGE = YES_ERROR;
				CLANG_WARN_DOCUMENTATION_COMMENTS = YES;
				CLANG_WARN_EMPTY_BODY = YES;
				CLANG_WARN_ENUM_CONVERSION = YES;
				CLANG_WARN_INFINITE_RECURSION = YES;
				CLANG_WARN_INT_CONVERSION = YES;
				CLANG_WARN_NON_LITERAL_NULL_CONVERSION = YES;
				CLANG_WARN_OBJC_IMPLICIT_RETAIN_SELF = YES;
				CLANG_WARN_OBJC_LITERAL_CONVERSION = YES;
				CLANG_WARN_OBJC_ROOT_CLASS = YES_ERROR;
				CLANG_WARN_QUOTED_INCLUDE_IN_FRAMEWORK_HEADER = YES;
				CLANG_WARN_RANGE_LOOP_ANALYSIS = YES;
				CLANG_WARN_STRICT_PROTOTYPES = YES;
				CLANG_WARN_SUSPICIOUS_MOVE = YES;
				CLANG_WARN_UNGUARDED_AVAILABILITY = YES_AGGRESSIVE;
				CLANG_WARN_UNREACHABLE_CODE = YES;
				CLANG_WARN__DUPLICATE_METHOD_MATCH = YES;
				COPY_PHASE_STRIP = NO;
				DEBUG_INFORMATION_FORMAT = "dwarf-with-dsym";
				ENABLE_NS_ASSERTIONS = NO;
				ENABLE_STRICT_OBJC_MSGSEND = YES;
				GCC_C_LANGUAGE_STANDARD = gnu11;
				GCC_NO_COMMON_BLOCKS = YES;
				GCC_WARN_64_TO_32_BIT_CONVERSION = YES;
				GCC_WARN_ABOUT_RETURN_TYPE = YES_ERROR;
				GCC_WARN_UNDECLARED_SELECTOR = YES;
				GCC_WARN_UNINITIALIZED_AUTOS = YES_AGGRESSIVE;
				GCC_WARN_UNUSED_FUNCTION = YES;
				GCC_WARN_UNUSED_VARIABLE = YES;
				IPHONEOS_DEPLOYMENT_TARGET = 16.2;
				MTL_ENABLE_DEBUG_INFO = NO;
				MTL_FAST_MATH = YES;
				SDKROOT = iphoneos;
				SWIFT_COMPILATION_MODE = wholemodule;
				SWIFT_OPTIMIZATION_LEVEL = "-O";
				VALIDATE_PRODUCT = YES;
			};
			name = Release;
		};
		D9B9BB2929B6148200F68997 /* Debug */ = {
			isa = XCBuildConfiguration;
			baseConfigurationReference = 0C8B202A6B91273B474F8E5D /* Pods-MovieApp.debug.xcconfig */;
			buildSettings = {
				ASSETCATALOG_COMPILER_APPICON_NAME = AppIcon;
				ASSETCATALOG_COMPILER_GLOBAL_ACCENT_COLOR_NAME = AccentColor;
				CODE_SIGN_STYLE = Automatic;
				CURRENT_PROJECT_VERSION = 1;
				DEVELOPMENT_TEAM = AJ7MW2XDAX;
				GENERATE_INFOPLIST_FILE = YES;
				INFOPLIST_FILE = MovieApp/Info.plist;
				INFOPLIST_KEY_UIApplicationSupportsIndirectInputEvents = YES;
				INFOPLIST_KEY_UILaunchStoryboardName = LaunchScreen;
				INFOPLIST_KEY_UIMainStoryboardFile = Main;
				INFOPLIST_KEY_UISupportedInterfaceOrientations_iPad = "UIInterfaceOrientationPortrait UIInterfaceOrientationPortraitUpsideDown UIInterfaceOrientationLandscapeLeft UIInterfaceOrientationLandscapeRight";
				INFOPLIST_KEY_UISupportedInterfaceOrientations_iPhone = "UIInterfaceOrientationPortrait UIInterfaceOrientationLandscapeLeft UIInterfaceOrientationLandscapeRight";
				LD_RUNPATH_SEARCH_PATHS = (
					"$(inherited)",
					"@executable_path/Frameworks",
				);
				MARKETING_VERSION = 1.0;
				PRODUCT_BUNDLE_IDENTIFIER = TryMovieApp;
				PRODUCT_NAME = "$(TARGET_NAME)";
				SUPPORTED_PLATFORMS = "iphoneos iphonesimulator";
				SUPPORTS_MACCATALYST = NO;
				SUPPORTS_MAC_DESIGNED_FOR_IPHONE_IPAD = NO;
				SWIFT_EMIT_LOC_STRINGS = YES;
				SWIFT_VERSION = 5.0;
				TARGETED_DEVICE_FAMILY = "1,2";
			};
			name = Debug;
		};
		D9B9BB2A29B6148200F68997 /* Release */ = {
			isa = XCBuildConfiguration;
			baseConfigurationReference = 4217D685FD7C9C9D1D4F6916 /* Pods-MovieApp.release.xcconfig */;
			buildSettings = {
				ASSETCATALOG_COMPILER_APPICON_NAME = AppIcon;
				ASSETCATALOG_COMPILER_GLOBAL_ACCENT_COLOR_NAME = AccentColor;
				CODE_SIGN_STYLE = Automatic;
				CURRENT_PROJECT_VERSION = 1;
				DEVELOPMENT_TEAM = AJ7MW2XDAX;
				GENERATE_INFOPLIST_FILE = YES;
				INFOPLIST_FILE = MovieApp/Info.plist;
				INFOPLIST_KEY_UIApplicationSupportsIndirectInputEvents = YES;
				INFOPLIST_KEY_UILaunchStoryboardName = LaunchScreen;
				INFOPLIST_KEY_UIMainStoryboardFile = Main;
				INFOPLIST_KEY_UISupportedInterfaceOrientations_iPad = "UIInterfaceOrientationPortrait UIInterfaceOrientationPortraitUpsideDown UIInterfaceOrientationLandscapeLeft UIInterfaceOrientationLandscapeRight";
				INFOPLIST_KEY_UISupportedInterfaceOrientations_iPhone = "UIInterfaceOrientationPortrait UIInterfaceOrientationLandscapeLeft UIInterfaceOrientationLandscapeRight";
				LD_RUNPATH_SEARCH_PATHS = (
					"$(inherited)",
					"@executable_path/Frameworks",
				);
				MARKETING_VERSION = 1.0;
				PRODUCT_BUNDLE_IDENTIFIER = TryMovieApp;
				PRODUCT_NAME = "$(TARGET_NAME)";
				SUPPORTED_PLATFORMS = "iphoneos iphonesimulator";
				SUPPORTS_MACCATALYST = NO;
				SUPPORTS_MAC_DESIGNED_FOR_IPHONE_IPAD = NO;
				SWIFT_EMIT_LOC_STRINGS = YES;
				SWIFT_VERSION = 5.0;
				TARGETED_DEVICE_FAMILY = "1,2";
			};
			name = Release;
		};
/* End XCBuildConfiguration section */

/* Begin XCConfigurationList section */
		D9B9BB0F29B6147F00F68997 /* Build configuration list for PBXProject "MovieApp" */ = {
			isa = XCConfigurationList;
			buildConfigurations = (
				D9B9BB2629B6148200F68997 /* Debug */,
				D9B9BB2729B6148200F68997 /* Release */,
			);
			defaultConfigurationIsVisible = 0;
			defaultConfigurationName = Release;
		};
		D9B9BB2829B6148200F68997 /* Build configuration list for PBXNativeTarget "MovieApp" */ = {
			isa = XCConfigurationList;
			buildConfigurations = (
				D9B9BB2929B6148200F68997 /* Debug */,
				D9B9BB2A29B6148200F68997 /* Release */,
			);
			defaultConfigurationIsVisible = 0;
			defaultConfigurationName = Release;
		};
/* End XCConfigurationList section */
	};
	rootObject = D9B9BB0C29B6147F00F68997 /* Project object */;
}
